{
  "version": "5",
  "specifiers": {
    "jsr:@std/assert@1": "1.0.19",
    "jsr:@std/cli@1": "1.0.30",
    "jsr:@std/internal@^1.0.12": "1.0.14",
    "npm:id3js@^2.1.1": "2.1.1"
  },
  "jsr": {
    "@std/assert@1.0.19": {
      "integrity": "eaada96ee120cb980bc47e040f82814d786fe8162ecc53c91d8df60b8755991e",
      "dependencies": [
        "jsr:@std/internal"
      ]
    },
    "@std/cli@1.0.30": {
      "integrity": "769446536522d0417d7127ebcabcafac1ab0ce6766d0eb3fca1d36326fe98d13"
    },
    "@std/internal@1.0.14": {
      "integrity": "291516b3d4c35024d6ffbc0a9df5bf4c64116e05b50012cf846710152d2ffdf7"
    }
  },
  "npm": {
    "id3js@2.1.1": {
      "integrity": "sha512-9Gi+sG0RHSa5qn8hkwi2KCl+2jV8YrtiZidXbOO3uLfRAxc2jilRg0fiQ3CbeoAmR7G7ap3RVs1kqUVhIyZaog=="
    }
  },
  "workspace": {
    "dependencies": [
      "jsr:@std/assert@1",
      "jsr:@std/cli@1",
      "npm:id3js@^2.1.1"
    ]
  }
}
